
Microsoft Visual Studio Solution File, Format Version 12.00
# Visual Studio Version 16
VisualStudioVersion = 16.0.31005.135
MinimumVisualStudioVersion = 10.0.40219.1
Project("{FAE04EC0-301F-11D3-BF4B-00C04F79EFBC}") = "HelloWorld", "HelloWorld.csproj", "{F52F6C82-99FC-447F-AF2F-9AF43BC52670}"
EndProject
Global
	GlobalSection(SolutionConfigurationPlatforms) = preSolution
		Debug|Any CPU = Debug|Any CPU
		Release|Any CPU = Release|Any CPU
	EndGlobalSection
	GlobalSection(ProjectConfigurationPlatforms) = postSolution
		{F52F6C82-99FC-447F-AF2F-9AF43BC52670}.Debug|Any CPU.ActiveCfg = Debug|Any CPU
		{F52F6C82-99FC-447F-AF2F-9AF43BC52670}.Debug|Any CPU.Build.0 = Debug|Any CPU
		{F52F6C82-99FC-447F-AF2F-9AF43BC52670}.Release|Any CPU.ActiveCfg = Release|Any CPU
		{F52F6C82-99FC-447F-AF2F-9AF43BC52670}.Release|Any CPU.Build.0 = Release|Any CPU
	EndGlobalSection
	GlobalSection(SolutionProperties) = preSolution
		HideSolutionNode = FALSE
	EndGlobalSection
	GlobalSection(ExtensibilityGlobals) = postSolution
		SolutionGuid = {A6B8C72F-AD3A-4E98-B6DB-891289B35974}
	EndGlobalSection
EndGlobal
